
Microsoft Visual Studio Solution File, Format Version 12.00
# Visual Studio 15
VisualStudioVersion = 15.0.28307.645
MinimumVisualStudioVersion = 10.0.40219.1
Project("{FAE04EC0-301F-11D3-BF4B-00C04F79EFBC}") = "NlogSample", "NlogSample\NlogSample.csproj", "{667A53CB-9789-425F-93CD-13AA80CA9325}"
EndProject
Global
	GlobalSection(SolutionConfigurationPlatforms) = preSolution
		Debug|Any CPU = Debug|Any CPU
		Release|Any CPU = Release|Any CPU
	EndGlobalSection
	GlobalSection(ProjectConfigurationPlatforms) = postSolution
		{667A53CB-9789-425F-93CD-13AA80CA9325}.Debug|Any CPU.ActiveCfg = Debug|Any CPU
		{667A53CB-9789-425F-93CD-13AA80CA9325}.Debug|Any CPU.Build.0 = Debug|Any CPU
		{667A53CB-9789-425F-93CD-13AA80CA9325}.Release|Any CPU.ActiveCfg = Release|Any CPU
		{667A53CB-9789-425F-93CD-13AA80CA9325}.Release|Any CPU.Build.0 = Release|Any CPU
	EndGlobalSection
	GlobalSection(SolutionProperties) = preSolution
		HideSolutionNode = FALSE
	EndGlobalSection
	GlobalSection(ExtensibilityGlobals) = postSolution
		SolutionGuid = {00834C58-86A7-4708-B616-E3FC228E48F2}
	EndGlobalSection
EndGlobal
